
Microsoft Visual Studio Solution File, Format Version 12.00
# Visual Studio 15
VisualStudioVersion = 15.0.28307.329
MinimumVisualStudioVersion = 10.0.40219.1
Project("{FAE04EC0-301F-11D3-BF4B-00C04F79EFBC}") = "quiz_backend", "quiz_backend\quiz_backend.csproj", "{D085DF88-8A29-4B0D-BB8B-A7F7E0A388CD}"
EndProject
Global
	GlobalSection(SolutionConfigurationPlatforms) = preSolution
		Debug|Any CPU = Debug|Any CPU
		Release|Any CPU = Release|Any CPU
	EndGlobalSection
	GlobalSection(ProjectConfigurationPlatforms) = postSolution
		{D085DF88-8A29-4B0D-BB8B-A7F7E0A388CD}.Debug|Any CPU.ActiveCfg = Debug|Any CPU
		{D085DF88-8A29-4B0D-BB8B-A7F7E0A388CD}.Debug|Any CPU.Build.0 = Debug|Any CPU
		{D085DF88-8A29-4B0D-BB8B-A7F7E0A388CD}.Release|Any CPU.ActiveCfg = Release|Any CPU
		{D085DF88-8A29-4B0D-BB8B-A7F7E0A388CD}.Release|Any CPU.Build.0 = Release|Any CPU
	EndGlobalSection
	GlobalSection(SolutionProperties) = preSolution
		HideSolutionNode = FALSE
	EndGlobalSection
	GlobalSection(ExtensibilityGlobals) = postSolution
		SolutionGuid = {664AC1BD-3877-4FB8-B8F0-E4F4B361BA80}
	EndGlobalSection
EndGlobal
